
Microsoft Visual Studio Solution File, Format Version 12.00
# Visual Studio Version 17
VisualStudioVersion = 17.11.35219.272
MinimumVisualStudioVersion = 10.0.40219.1
Project("{FAE04EC0-301F-11D3-BF4B-00C04F79EFBC}") = "Practica Clase 2", "Practica Clase 2\Practica Clase 2.csproj", "{F33C5763-CD0B-4653-B48D-6BCF98EFE2F7}"
EndProject
Global
	GlobalSection(SolutionConfigurationPlatforms) = preSolution
		Debug|Any CPU = Debug|Any CPU
		Release|Any CPU = Release|Any CPU
	EndGlobalSection
	GlobalSection(ProjectConfigurationPlatforms) = postSolution
		{F33C5763-CD0B-4653-B48D-6BCF98EFE2F7}.Debug|Any CPU.ActiveCfg = Debug|Any CPU
		{F33C5763-CD0B-4653-B48D-6BCF98EFE2F7}.Debug|Any CPU.Build.0 = Debug|Any CPU
		{F33C5763-CD0B-4653-B48D-6BCF98EFE2F7}.Release|Any CPU.ActiveCfg = Release|Any CPU
		{F33C5763-CD0B-4653-B48D-6BCF98EFE2F7}.Release|Any CPU.Build.0 = Release|Any CPU
	EndGlobalSection
	GlobalSection(SolutionProperties) = preSolution
		HideSolutionNode = FALSE
	EndGlobalSection
	GlobalSection(ExtensibilityGlobals) = postSolution
		SolutionGuid = {C75BB006-E0AD-4984-B33B-74B58686EC24}
	EndGlobalSection
EndGlobal
